
Microsoft Visual Studio Solution File, Format Version 12.00
# Visual Studio 15
VisualStudioVersion = 15.0.28307.572
MinimumVisualStudioVersion = 10.0.40219.1
Project("{FAE04EC0-301F-11D3-BF4B-00C04F79EFBC}") = "GHXamarinCardsTest.Android", "GHXamarinCardsTest\GHXamarinCardsTest.Android\GHXamarinCardsTest.Android.csproj", "{FB97F6CB-BA5C-4DDD-A216-8B9C238C5241}"
EndProject
Project("{FAE04EC0-301F-11D3-BF4B-00C04F79EFBC}") = "GHXamarinCardsTest.iOS", "GHXamarinCardsTest\GHXamarinCardsTest.iOS\GHXamarinCardsTest.iOS.csproj", "{A3E1999A-928B-48AF-8504-3CDE8A5E29C5}"
EndProject
Project("{FAE04EC0-301F-11D3-BF4B-00C04F79EFBC}") = "GHXamarinCardsTest", "GHXamarinCardsTest\GHXamarinCardsTest\GHXamarinCardsTest.csproj", "{BC0A86CD-ED79-4F12-9922-056F18F82537}"
EndProject
Global
	GlobalSection(SolutionConfigurationPlatforms) = preSolution
		Ad-Hoc|Any CPU = Ad-Hoc|Any CPU
		Ad-Hoc|iPhone = Ad-Hoc|iPhone
		Ad-Hoc|iPhoneSimulator = Ad-Hoc|iPhoneSimulator
		AppStore|Any CPU = AppStore|Any CPU
		AppStore|iPhone = AppStore|iPhone
		AppStore|iPhoneSimulator = AppStore|iPhoneSimulator
		Debug|Any CPU = Debug|Any CPU
		Debug|iPhone = Debug|iPhone
		Debug|iPhoneSimulator = Debug|iPhoneSimulator
		Release|Any CPU = Release|Any CPU
		Release|iPhone = Release|iPhone
		Release|iPhoneSimulator = Release|iPhoneSimulator
	EndGlobalSection
	GlobalSection(ProjectConfigurationPlatforms) = postSolution
		{FB97F6CB-BA5C-4DDD-A216-8B9C238C5241}.Ad-Hoc|Any CPU.ActiveCfg = Release|Any CPU
		{FB97F6CB-BA5C-4DDD-A216-8B9C238C5241}.Ad-Hoc|Any CPU.Build.0 = Release|Any CPU
		{FB97F6CB-BA5C-4DDD-A216-8B9C238C5241}.Ad-Hoc|Any CPU.Deploy.0 = Release|Any CPU
		{FB97F6CB-BA5C-4DDD-A216-8B9C238C5241}.Ad-Hoc|iPhone.ActiveCfg = Release|Any CPU
		{FB97F6CB-BA5C-4DDD-A216-8B9C238C5241}.Ad-Hoc|iPhone.Build.0 = Release|Any CPU
		{FB97F6CB-BA5C-4DDD-A216-8B9C238C5241}.Ad-Hoc|iPhone.Deploy.0 = Release|Any CPU
		{FB97F6CB-BA5C-4DDD-A216-8B9C238C5241}.Ad-Hoc|iPhoneSimulator.ActiveCfg = Release|Any CPU
		{FB97F6CB-BA5C-4DDD-A216-8B9C238C5241}.Ad-Hoc|iPhoneSimulator.Build.0 = Release|Any CPU
		{FB97F6CB-BA5C-4DDD-A216-8B9C238C5241}.Ad-Hoc|iPhoneSimulator.Deploy.0 = Release|Any CPU
		{FB97F6CB-BA5C-4DDD-A216-8B9C238C5241}.AppStore|Any CPU.ActiveCfg = Release|Any CPU
		{FB97F6CB-BA5C-4DDD-A216-8B9C238C5241}.AppStore|Any CPU.Build.0 = Release|Any CPU
		{FB97F6CB-BA5C-4DDD-A216-8B9C238C5241}.AppStore|Any CPU.Deploy.0 = Release|Any CPU
		{FB97F6CB-BA5C-4DDD-A216-8B9C238C5241}.AppStore|iPhone.ActiveCfg = Release|Any CPU
		{FB97F6CB-BA5C-4DDD-A216-8B9C238C5241}.AppStore|iPhone.Build.0 = Release|Any CPU
		{FB97F6CB-BA5C-4DDD-A216-8B9C238C5241}.AppStore|iPhone.Deploy.0 = Release|Any CPU
		{FB97F6CB-BA5C-4DDD-A216-8B9C238C5241}.AppStore|iPhoneSimulator.ActiveCfg = Release|Any CPU
		{FB97F6CB-BA5C-4DDD-A216-8B9C238C5241}.AppStore|iPhoneSimulator.Build.0 = Release|Any CPU
		{FB97F6CB-BA5C-4DDD-A216-8B9C238C5241}.AppStore|iPhoneSimulator.Deploy.0 = Release|Any CPU
		{FB97F6CB-BA5C-4DDD-A216-8B9C238C5241}.Debug|Any CPU.ActiveCfg = Debug|Any CPU
		{FB97F6CB-BA5C-4DDD-A216-8B9C238C5241}.Debug|Any CPU.Build.0 = Debug|Any CPU
		{FB97F6CB-BA5C-4DDD-A216-8B9C238C5241}.Debug|Any CPU.Deploy.0 = Debug|Any CPU
		{FB97F6CB-BA5C-4DDD-A216-8B9C238C5241}.Debug|iPhone.ActiveCfg = Debug|Any CPU
		{FB97F6CB-BA5C-4DDD-A216-8B9C238C5241}.Debug|iPhone.Build.0 = Debug|Any CPU
		{FB97F6CB-BA5C-4DDD-A216-8B9C238C5241}.Debug|iPhone.Deploy.0 = Debug|Any CPU
		{FB97F6CB-BA5C-4DDD-A216-8B9C238C5241}.Debug|iPhoneSimulator.ActiveCfg = Debug|Any CPU
		{FB97F6CB-BA5C-4DDD-A216-8B9C238C5241}.Debug|iPhoneSimulator.Build.0 = Debug|Any CPU
		{FB97F6CB-BA5C-4DDD-A216-8B9C238C5241}.Debug|iPhoneSimulator.Deploy.0 = Debug|Any CPU
		{FB97F6CB-BA5C-4DDD-A216-8B9C238C5241}.Release|Any CPU.ActiveCfg = Release|Any CPU
		{FB97F6CB-BA5C-4DDD-A216-8B9C238C5241}.Release|Any CPU.Build.0 = Release|Any CPU
		{FB97F6CB-BA5C-4DDD-A216-8B9C238C5241}.Release|Any CPU.Deploy.0 = Release|Any CPU
		{FB97F6CB-BA5C-4DDD-A216-8B9C238C5241}.Release|iPhone.ActiveCfg = Release|Any CPU
		{FB97F6CB-BA5C-4DDD-A216-8B9C238C5241}.Release|iPhone.Build.0 = Release|Any CPU
		{FB97F6CB-BA5C-4DDD-A216-8B9C238C5241}.Release|iPhone.Deploy.0 = Release|Any CPU
		{FB97F6CB-BA5C-4DDD-A216-8B9C238C5241}.Release|iPhoneSimulator.ActiveCfg = Release|Any CPU
		{FB97F6CB-BA5C-4DDD-A216-8B9C238C5241}.Release|iPhoneSimulator.Build.0 = Release|Any CPU
		{FB97F6CB-BA5C-4DDD-A216-8B9C238C5241}.Release|iPhoneSimulator.Deploy.0 = Release|Any CPU
		{A3E1999A-928B-48AF-8504-3CDE8A5E29C5}.Ad-Hoc|Any CPU.ActiveCfg = Ad-Hoc|iPhone
		{A3E1999A-928B-48AF-8504-3CDE8A5E29C5}.Ad-Hoc|Any CPU.Build.0 = Ad-Hoc|iPhone
		{A3E1999A-928B-48AF-8504-3CDE8A5E29C5}.Ad-Hoc|Any CPU.Deploy.0 = Ad-Hoc|iPhone
		{A3E1999A-928B-48AF-8504-3CDE8A5E29C5}.Ad-Hoc|iPhone.ActiveCfg = Ad-Hoc|iPhone
		{A3E1999A-928B-48AF-8504-3CDE8A5E29C5}.Ad-Hoc|iPhone.Build.0 = Ad-Hoc|iPhone
		{A3E1999A-928B-48AF-8504-3CDE8A5E29C5}.Ad-Hoc|iPhone.Deploy.0 = Ad-Hoc|iPhone
		{A3E1999A-928B-48AF-8504-3CDE8A5E29C5}.Ad-Hoc|iPhoneSimulator.ActiveCfg = Ad-Hoc|iPhoneSimulator
		{A3E1999A-928B-48AF-8504-3CDE8A5E29C5}.Ad-Hoc|iPhoneSimulator.Build.0 = Ad-Hoc|iPhoneSimulator
		{A3E1999A-928B-48AF-8504-3CDE8A5E29C5}.Ad-Hoc|iPhoneSimulator.Deploy.0 = Ad-Hoc|iPhoneSimulator
		{A3E1999A-928B-48AF-8504-3CDE8A5E29C5}.AppStore|Any CPU.ActiveCfg = AppStore|iPhone
		{A3E1999A-928B-48AF-8504-3CDE8A5E29C5}.AppStore|Any CPU.Build.0 = AppStore|iPhone
		{A3E1999A-928B-48AF-8504-3CDE8A5E29C5}.AppStore|Any CPU.Deploy.0 = AppStore|iPhone
		{A3E1999A-928B-48AF-8504-3CDE8A5E29C5}.AppStore|iPhone.ActiveCfg = AppStore|iPhone
		{A3E1999A-928B-48AF-8504-3CDE8A5E29C5}.AppStore|iPhone.Build.0 = AppStore|iPhone
		{A3E1999A-928B-48AF-8504-3CDE8A5E29C5}.AppStore|iPhone.Deploy.0 = AppStore|iPhone
		{A3E1999A-928B-48AF-8504-3CDE8A5E29C5}.AppStore|iPhoneSimulator.ActiveCfg = AppStore|iPhoneSimulator
		{A3E1999A-928B-48AF-8504-3CDE8A5E29C5}.AppStore|iPhoneSimulator.Build.0 = AppStore|iPhoneSimulator
		{A3E1999A-928B-48AF-8504-3CDE8A5E29C5}.AppStore|iPhoneSimulator.Deploy.0 = AppStore|iPhoneSimulator
		{A3E1999A-928B-48AF-8504-3CDE8A5E29C5}.Debug|Any CPU.ActiveCfg = Debug|iPhoneSimulator
		{A3E1999A-928B-48AF-8504-3CDE8A5E29C5}.Debug|Any CPU.Build.0 = Debug|iPhoneSimulator
		{A3E1999A-928B-48AF-8504-3CDE8A5E29C5}.Debug|Any CPU.Deploy.0 = Debug|iPhoneSimulator
		{A3E1999A-928B-48AF-8504-3CDE8A5E29C5}.Debug|iPhone.ActiveCfg = Debug|iPhone
		{A3E1999A-928B-48AF-8504-3CDE8A5E29C5}.Debug|iPhone.Build.0 = Debug|iPhone
		{A3E1999A-928B-48AF-8504-3CDE8A5E29C5}.Debug|iPhone.Deploy.0 = Debug|iPhone
		{A3E1999A-928B-48AF-8504-3CDE8A5E29C5}.Debug|iPhoneSimulator.ActiveCfg = Debug|iPhoneSimulator
		{A3E1999A-928B-48AF-8504-3CDE8A5E29C5}.Debug|iPhoneSimulator.Build.0 = Debug|iPhoneSimulator
		{A3E1999A-928B-48AF-8504-3CDE8A5E29C5}.Debug|iPhoneSimulator.Deploy.0 = Debug|iPhoneSimulator
		{A3E1999A-928B-48AF-8504-3CDE8A5E29C5}.Release|Any CPU.ActiveCfg = Release|iPhone
		{A3E1999A-928B-48AF-8504-3CDE8A5E29C5}.Release|Any CPU.Build.0 = Release|iPhone
		{A3E1999A-928B-48AF-8504-3CDE8A5E29C5}.Release|Any CPU.Deploy.0 = Release|iPhone
		{A3E1999A-928B-48AF-8504-3CDE8A5E29C5}.Release|iPhone.ActiveCfg = Release|iPhone
		{A3E1999A-928B-48AF-8504-3CDE8A5E29C5}.Release|iPhone.Build.0 = Release|iPhone
		{A3E1999A-928B-48AF-8504-3CDE8A5E29C5}.Release|iPhone.Deploy.0 = Release|iPhone
		{A3E1999A-928B-48AF-8504-3CDE8A5E29C5}.Release|iPhoneSimulator.ActiveCfg = Release|iPhoneSimulator
		{A3E1999A-928B-48AF-8504-3CDE8A5E29C5}.Release|iPhoneSimulator.Build.0 = Release|iPhoneSimulator
		{A3E1999A-928B-48AF-8504-3CDE8A5E29C5}.Release|iPhoneSimulator.Deploy.0 = Release|iPhoneSimulator
		{BC0A86CD-ED79-4F12-9922-056F18F82537}.Ad-Hoc|Any CPU.ActiveCfg = Debug|Any CPU
		{BC0A86CD-ED79-4F12-9922-056F18F82537}.Ad-Hoc|Any CPU.Build.0 = Debug|Any CPU
		{BC0A86CD-ED79-4F12-9922-056F18F82537}.Ad-Hoc|Any CPU.Deploy.0 = Debug|Any CPU
		{BC0A86CD-ED79-4F12-9922-056F18F82537}.Ad-Hoc|iPhone.ActiveCfg = Debug|Any CPU
		{BC0A86CD-ED79-4F12-9922-056F18F82537}.Ad-Hoc|iPhone.Build.0 = Debug|Any CPU
		{BC0A86CD-ED79-4F12-9922-056F18F82537}.Ad-Hoc|iPhone.Deploy.0 = Debug|Any CPU
		{BC0A86CD-ED79-4F12-9922-056F18F82537}.Ad-Hoc|iPhoneSimulator.ActiveCfg = Debug|Any CPU
		{BC0A86CD-ED79-4F12-9922-056F18F82537}.Ad-Hoc|iPhoneSimulator.Build.0 = Debug|Any CPU
		{BC0A86CD-ED79-4F12-9922-056F18F82537}.Ad-Hoc|iPhoneSimulator.Deploy.0 = Debug|Any CPU
		{BC0A86CD-ED79-4F12-9922-056F18F82537}.AppStore|Any CPU.ActiveCfg = Debug|Any CPU
		{BC0A86CD-ED79-4F12-9922-056F18F82537}.AppStore|Any CPU.Build.0 = Debug|Any CPU
		{BC0A86CD-ED79-4F12-9922-056F18F82537}.AppStore|Any CPU.Deploy.0 = Debug|Any CPU
		{BC0A86CD-ED79-4F12-9922-056F18F82537}.AppStore|iPhone.ActiveCfg = Debug|Any CPU
		{BC0A86CD-ED79-4F12-9922-056F18F82537}.AppStore|iPhone.Build.0 = Debug|Any CPU
		{BC0A86CD-ED79-4F12-9922-056F18F82537}.AppStore|iPhone.Deploy.0 = Debug|Any CPU
		{BC0A86CD-ED79-4F12-9922-056F18F82537}.AppStore|iPhoneSimulator.ActiveCfg = Debug|Any CPU
		{BC0A86CD-ED79-4F12-9922-056F18F82537}.AppStore|iPhoneSimulator.Build.0 = Debug|Any CPU
		{BC0A86CD-ED79-4F12-9922-056F18F82537}.AppStore|iPhoneSimulator.Deploy.0 = Debug|Any CPU
		{BC0A86CD-ED79-4F12-9922-056F18F82537}.Debug|Any CPU.ActiveCfg = Debug|Any CPU
		{BC0A86CD-ED79-4F12-9922-056F18F82537}.Debug|Any CPU.Build.0 = Debug|Any CPU
		{BC0A86CD-ED79-4F12-9922-056F18F82537}.Debug|Any CPU.Deploy.0 = Debug|Any CPU
		{BC0A86CD-ED79-4F12-9922-056F18F82537}.Debug|iPhone.ActiveCfg = Debug|Any CPU
		{BC0A86CD-ED79-4F12-9922-056F18F82537}.Debug|iPhone.Build.0 = Debug|Any CPU
		{BC0A86CD-ED79-4F12-9922-056F18F82537}.Debug|iPhone.Deploy.0 = Debug|Any CPU
		{BC0A86CD-ED79-4F12-9922-056F18F82537}.Debug|iPhoneSimulator.ActiveCfg = Debug|Any CPU
		{BC0A86CD-ED79-4F12-9922-056F18F82537}.Debug|iPhoneSimulator.Build.0 = Debug|Any CPU
		{BC0A86CD-ED79-4F12-9922-056F18F82537}.Debug|iPhoneSimulator.Deploy.0 = Debug|Any CPU
		{BC0A86CD-ED79-4F12-9922-056F18F82537}.Release|Any CPU.ActiveCfg = Release|Any CPU
		{BC0A86CD-ED79-4F12-9922-056F18F82537}.Release|Any CPU.Build.0 = Release|Any CPU
		{BC0A86CD-ED79-4F12-9922-056F18F82537}.Release|Any CPU.Deploy.0 = Release|Any CPU
		{BC0A86CD-ED79-4F12-9922-056F18F82537}.Release|iPhone.ActiveCfg = Release|Any CPU
		{BC0A86CD-ED79-4F12-9922-056F18F82537}.Release|iPhone.Build.0 = Release|Any CPU
		{BC0A86CD-ED79-4F12-9922-056F18F82537}.Release|iPhone.Deploy.0 = Release|Any CPU
		{BC0A86CD-ED79-4F12-9922-056F18F82537}.Release|iPhoneSimulator.ActiveCfg = Release|Any CPU
		{BC0A86CD-ED79-4F12-9922-056F18F82537}.Release|iPhoneSimulator.Build.0 = Release|Any CPU
		{BC0A86CD-ED79-4F12-9922-056F18F82537}.Release|iPhoneSimulator.Deploy.0 = Release|Any CPU
	EndGlobalSection
	GlobalSection(SolutionProperties) = preSolution
		HideSolutionNode = FALSE
	EndGlobalSection
	GlobalSection(ExtensibilityGlobals) = postSolution
		SolutionGuid = {B4BD06C4-D409-4B79-9704-243A4CD434A5}
	EndGlobalSection
EndGlobal
